{
  "name": "FastGPT",
  "lockfileVersion": 3,
  "requires": true,
  "packages": {
    "": {
      "dependencies": {
        "highlight.js": "^11.9.0",
        "prism": "^4.1.2",
        "Prism": "^2.0.0",
        "prismjs": "^1.29.0"
      }
    },
    "node_modules/highlight.js": {
      "version": "11.9.0",
      "resolved": "https://registry.npmjs.org/highlight.js/-/highlight.js-11.9.0.tgz",
      "integrity": "sha512-fJ7cW7fQGCYAkgv4CPfwFHrfd/cLS4Hau96JuJ+ZTOWhjnhoeN1ub1tFmALm/+lW5z4WCAuAV9bm05AP0mS6Gw==",
      "engines": {
        "node": ">=12.0.0"
      }
    },
    "node_modules/Prism": {
      "version": "2.0.0",
      "resolved": "https://registry.npmjs.org/Prism/-/Prism-2.0.0.tgz",
      "integrity": "sha512-dTOa0BgdoPQWUfdpbQceKkwg4oDk6ZY7cK9VVYVVlLKCWQwKxFnTThsM9qZgIGF+xquGBXTUaFh/n9SLXZ6IiA==",
      "deprecated": "Package abandoned, contact support@npmjs.com for more info."
    },
    "node_modules/prismjs": {
      "version": "1.29.0",
      "resolved": "https://registry.npmjs.org/prismjs/-/prismjs-1.29.0.tgz",
      "integrity": "sha512-Kx/1w86q/epKcmte75LNrEoT+lX8pBpavuAbvJWRXar7Hz8jrtF+e3vY751p0R8H9HdArwaCTNDDzHg/ScJK1Q==",
      "engines": {
        "node": ">=6"
      }
    }
  }
}
